
Microsoft Visual Studio Solution File, Format Version 12.00
# Visual Studio Version 16
VisualStudioVersion = 16.0.34031.81
MinimumVisualStudioVersion = 10.0.40219.1
Project("{2150E333-8FDC-42A3-9474-1A3956D46DE8}") = "Task0", "Task0", "{B2488738-6988-4A79-8008-1C604D043F2A}"
EndProject
Project("{FAE04EC0-301F-11D3-BF4B-00C04F79EFBC}") = "Tyuiu.PozhdinAA.Sprint6.Task0.V1.Lib", "Tyuiu.PozhdinAA.Sprint6.Task0.V1.Lib\Tyuiu.PozhdinAA.Sprint6.Task0.V1.Lib.csproj", "{505A414F-4185-493C-A3FA-37BC23747BD8}"
EndProject
Project("{FAE04EC0-301F-11D3-BF4B-00C04F79EFBC}") = "Tyuiu.PozhdinAA.Sprint6.Task0.V1.Test", "Tyuiu.PozhdinAA.Sprint6.Task0.V1.Test\Tyuiu.PozhdinAA.Sprint6.Task0.V1.Test.csproj", "{AFB21EE0-CBBC-4600-8D16-C72EC96E5A73}"
EndProject
Project("{FAE04EC0-301F-11D3-BF4B-00C04F79EFBC}") = "Tyuiu.PozhdinAA.Sprint6.Task0.V1", "Tyuiu.PozhdinAA.Sprint6.Task0.V1\Tyuiu.PozhdinAA.Sprint6.Task0.V1.csproj", "{26EE3A44-0561-408C-850A-C6C9BC8E893E}"
EndProject
Project("{2150E333-8FDC-42A3-9474-1A3956D46DE8}") = "Task1", "Task1", "{741F3B7D-1EBD-48D7-81A0-CA5952C19F0C}"
EndProject
Project("{2150E333-8FDC-42A3-9474-1A3956D46DE8}") = "Task2", "Task2", "{6DB52B4F-6AC5-4218-AC30-9E572BD7D939}"
EndProject
Project("{2150E333-8FDC-42A3-9474-1A3956D46DE8}") = "Task3", "Task3", "{C7ABB6AF-43C9-4B0C-B7B1-7D1DFCB47387}"
EndProject
Project("{FAE04EC0-301F-11D3-BF4B-00C04F79EFBC}") = "Tyuiu.PozhdinAA.Sprint6.Task2.V25.Lib", "Tyuiu.PozhdinAA.Sprint6.Task2.V25.Lib\Tyuiu.PozhdinAA.Sprint6.Task2.V25.Lib.csproj", "{4393A75C-5520-4597-B42E-D981B7AA0E5A}"
EndProject
Project("{FAE04EC0-301F-11D3-BF4B-00C04F79EFBC}") = "Tyuiu.PozhdinAA.Sprint6.Task2.V25.Test", "Tyuiu.PozhdinAA.Sprint6.Task2.V25.Test\Tyuiu.PozhdinAA.Sprint6.Task2.V25.Test.csproj", "{7AD112E9-F78E-4CA8-8E9C-9FFA34AEE7AE}"
EndProject
Project("{FAE04EC0-301F-11D3-BF4B-00C04F79EFBC}") = "Tyuiu.PozhdinAA.Sprint6.Task2.V25", "Tyuiu.PozhdinAA.Sprint6.Task2.V25\Tyuiu.PozhdinAA.Sprint6.Task2.V25.csproj", "{249396D8-A60A-48BD-B5AD-9B52D4FC737F}"
EndProject
Project("{FAE04EC0-301F-11D3-BF4B-00C04F79EFBC}") = "Tyuiu.PozhdinAA.Sprint6.Task3.V29", "Tyuiu.PozhdinAA.Sprint6.Task3.V29\Tyuiu.PozhdinAA.Sprint6.Task3.V29.csproj", "{855C9E9C-1ACD-4DAB-84EB-5D5322834A5E}"
EndProject
Project("{FAE04EC0-301F-11D3-BF4B-00C04F79EFBC}") = "Tyuiu.PozhdinAA.Sprint6.Task3.V29.Lib", "Tyuiu.PozhdinAA.Sprint6.Task3.V29.Lib\Tyuiu.PozhdinAA.Sprint6.Task3.V29.Lib.csproj", "{F945C6BA-8ED8-4C95-9F1B-4A8C2241B080}"
EndProject
Project("{FAE04EC0-301F-11D3-BF4B-00C04F79EFBC}") = "Tyuiu.PozhdinAA.Sprint6.Task3.V29.Test", "Tyuiu.PozhdinAA.Sprint6.Task3.V29.Test\Tyuiu.PozhdinAA.Sprint6.Task3.V29.Test.csproj", "{CE10659A-D1C3-456F-8503-DFC574E1BCD5}"
EndProject
Project("{FAE04EC0-301F-11D3-BF4B-00C04F79EFBC}") = "Tyuiu.PozhdinAA.Sprint6.Task1.V26", "Tyuiu.PozhdinAA.Sprint6.Task1.V26\Tyuiu.PozhdinAA.Sprint6.Task1.V26.csproj", "{AA4D7BCC-203C-42A0-A2F3-0E2765EA3432}"
EndProject
Project("{FAE04EC0-301F-11D3-BF4B-00C04F79EFBC}") = "Tyuiu.PozhdinAA.Sprint6.Task1.V26.Lib", "Tyuiu.PozhdinAA.Sprint6.Task1.V26.Lib\Tyuiu.PozhdinAA.Sprint6.Task1.V26.Lib.csproj", "{C36CE3F2-8A23-4525-ACD9-288ACE059232}"
EndProject
Project("{FAE04EC0-301F-11D3-BF4B-00C04F79EFBC}") = "Tyuiu.PozhdinAA.Sprint6.Task1.V26.Test", "Tyuiu.PozhdinAA.Sprint6.Task1.V26.Test\Tyuiu.PozhdinAA.Sprint6.Task1.V26.Test.csproj", "{52660DF8-2E64-464B-8024-EAA8DC3389E1}"
EndProject
Global
	GlobalSection(SolutionConfigurationPlatforms) = preSolution
		Debug|Any CPU = Debug|Any CPU
		Release|Any CPU = Release|Any CPU
	EndGlobalSection
	GlobalSection(ProjectConfigurationPlatforms) = postSolution
		{505A414F-4185-493C-A3FA-37BC23747BD8}.Debug|Any CPU.ActiveCfg = Debug|Any CPU
		{505A414F-4185-493C-A3FA-37BC23747BD8}.Debug|Any CPU.Build.0 = Debug|Any CPU
		{505A414F-4185-493C-A3FA-37BC23747BD8}.Release|Any CPU.ActiveCfg = Release|Any CPU
		{505A414F-4185-493C-A3FA-37BC23747BD8}.Release|Any CPU.Build.0 = Release|Any CPU
		{AFB21EE0-CBBC-4600-8D16-C72EC96E5A73}.Debug|Any CPU.ActiveCfg = Debug|Any CPU
		{AFB21EE0-CBBC-4600-8D16-C72EC96E5A73}.Debug|Any CPU.Build.0 = Debug|Any CPU
		{AFB21EE0-CBBC-4600-8D16-C72EC96E5A73}.Release|Any CPU.ActiveCfg = Release|Any CPU
		{AFB21EE0-CBBC-4600-8D16-C72EC96E5A73}.Release|Any CPU.Build.0 = Release|Any CPU
		{26EE3A44-0561-408C-850A-C6C9BC8E893E}.Debug|Any CPU.ActiveCfg = Debug|Any CPU
		{26EE3A44-0561-408C-850A-C6C9BC8E893E}.Debug|Any CPU.Build.0 = Debug|Any CPU
		{26EE3A44-0561-408C-850A-C6C9BC8E893E}.Release|Any CPU.ActiveCfg = Release|Any CPU
		{26EE3A44-0561-408C-850A-C6C9BC8E893E}.Release|Any CPU.Build.0 = Release|Any CPU
		{4393A75C-5520-4597-B42E-D981B7AA0E5A}.Debug|Any CPU.ActiveCfg = Debug|Any CPU
		{4393A75C-5520-4597-B42E-D981B7AA0E5A}.Debug|Any CPU.Build.0 = Debug|Any CPU
		{4393A75C-5520-4597-B42E-D981B7AA0E5A}.Release|Any CPU.ActiveCfg = Release|Any CPU
		{4393A75C-5520-4597-B42E-D981B7AA0E5A}.Release|Any CPU.Build.0 = Release|Any CPU
		{7AD112E9-F78E-4CA8-8E9C-9FFA34AEE7AE}.Debug|Any CPU.ActiveCfg = Debug|Any CPU
		{7AD112E9-F78E-4CA8-8E9C-9FFA34AEE7AE}.Debug|Any CPU.Build.0 = Debug|Any CPU
		{7AD112E9-F78E-4CA8-8E9C-9FFA34AEE7AE}.Release|Any CPU.ActiveCfg = Release|Any CPU
		{7AD112E9-F78E-4CA8-8E9C-9FFA34AEE7AE}.Release|Any CPU.Build.0 = Release|Any CPU
		{249396D8-A60A-48BD-B5AD-9B52D4FC737F}.Debug|Any CPU.ActiveCfg = Debug|Any CPU
		{249396D8-A60A-48BD-B5AD-9B52D4FC737F}.Debug|Any CPU.Build.0 = Debug|Any CPU
		{249396D8-A60A-48BD-B5AD-9B52D4FC737F}.Release|Any CPU.ActiveCfg = Release|Any CPU
		{249396D8-A60A-48BD-B5AD-9B52D4FC737F}.Release|Any CPU.Build.0 = Release|Any CPU
		{855C9E9C-1ACD-4DAB-84EB-5D5322834A5E}.Debug|Any CPU.ActiveCfg = Debug|Any CPU
		{855C9E9C-1ACD-4DAB-84EB-5D5322834A5E}.Debug|Any CPU.Build.0 = Debug|Any CPU
		{855C9E9C-1ACD-4DAB-84EB-5D5322834A5E}.Release|Any CPU.ActiveCfg = Release|Any CPU
		{855C9E9C-1ACD-4DAB-84EB-5D5322834A5E}.Release|Any CPU.Build.0 = Release|Any CPU
		{F945C6BA-8ED8-4C95-9F1B-4A8C2241B080}.Debug|Any CPU.ActiveCfg = Debug|Any CPU
		{F945C6BA-8ED8-4C95-9F1B-4A8C2241B080}.Debug|Any CPU.Build.0 = Debug|Any CPU
		{F945C6BA-8ED8-4C95-9F1B-4A8C2241B080}.Release|Any CPU.ActiveCfg = Release|Any CPU
		{F945C6BA-8ED8-4C95-9F1B-4A8C2241B080}.Release|Any CPU.Build.0 = Release|Any CPU
		{CE10659A-D1C3-456F-8503-DFC574E1BCD5}.Debug|Any CPU.ActiveCfg = Debug|Any CPU
		{CE10659A-D1C3-456F-8503-DFC574E1BCD5}.Debug|Any CPU.Build.0 = Debug|Any CPU
		{CE10659A-D1C3-456F-8503-DFC574E1BCD5}.Release|Any CPU.ActiveCfg = Release|Any CPU
		{CE10659A-D1C3-456F-8503-DFC574E1BCD5}.Release|Any CPU.Build.0 = Release|Any CPU
		{AA4D7BCC-203C-42A0-A2F3-0E2765EA3432}.Debug|Any CPU.ActiveCfg = Debug|Any CPU
		{AA4D7BCC-203C-42A0-A2F3-0E2765EA3432}.Debug|Any CPU.Build.0 = Debug|Any CPU
		{AA4D7BCC-203C-42A0-A2F3-0E2765EA3432}.Release|Any CPU.ActiveCfg = Release|Any CPU
		{AA4D7BCC-203C-42A0-A2F3-0E2765EA3432}.Release|Any CPU.Build.0 = Release|Any CPU
		{C36CE3F2-8A23-4525-ACD9-288ACE059232}.Debug|Any CPU.ActiveCfg = Debug|Any CPU
		{C36CE3F2-8A23-4525-ACD9-288ACE059232}.Debug|Any CPU.Build.0 = Debug|Any CPU
		{C36CE3F2-8A23-4525-ACD9-288ACE059232}.Release|Any CPU.ActiveCfg = Release|Any CPU
		{C36CE3F2-8A23-4525-ACD9-288ACE059232}.Release|Any CPU.Build.0 = Release|Any CPU
		{52660DF8-2E64-464B-8024-EAA8DC3389E1}.Debug|Any CPU.ActiveCfg = Debug|Any CPU
		{52660DF8-2E64-464B-8024-EAA8DC3389E1}.Debug|Any CPU.Build.0 = Debug|Any CPU
		{52660DF8-2E64-464B-8024-EAA8DC3389E1}.Release|Any CPU.ActiveCfg = Release|Any CPU
		{52660DF8-2E64-464B-8024-EAA8DC3389E1}.Release|Any CPU.Build.0 = Release|Any CPU
	EndGlobalSection
	GlobalSection(SolutionProperties) = preSolution
		HideSolutionNode = FALSE
	EndGlobalSection
	GlobalSection(NestedProjects) = preSolution
		{505A414F-4185-493C-A3FA-37BC23747BD8} = {B2488738-6988-4A79-8008-1C604D043F2A}
		{AFB21EE0-CBBC-4600-8D16-C72EC96E5A73} = {B2488738-6988-4A79-8008-1C604D043F2A}
		{26EE3A44-0561-408C-850A-C6C9BC8E893E} = {B2488738-6988-4A79-8008-1C604D043F2A}
		{4393A75C-5520-4597-B42E-D981B7AA0E5A} = {6DB52B4F-6AC5-4218-AC30-9E572BD7D939}
		{7AD112E9-F78E-4CA8-8E9C-9FFA34AEE7AE} = {6DB52B4F-6AC5-4218-AC30-9E572BD7D939}
		{249396D8-A60A-48BD-B5AD-9B52D4FC737F} = {6DB52B4F-6AC5-4218-AC30-9E572BD7D939}
		{855C9E9C-1ACD-4DAB-84EB-5D5322834A5E} = {C7ABB6AF-43C9-4B0C-B7B1-7D1DFCB47387}
		{F945C6BA-8ED8-4C95-9F1B-4A8C2241B080} = {C7ABB6AF-43C9-4B0C-B7B1-7D1DFCB47387}
		{CE10659A-D1C3-456F-8503-DFC574E1BCD5} = {C7ABB6AF-43C9-4B0C-B7B1-7D1DFCB47387}
		{AA4D7BCC-203C-42A0-A2F3-0E2765EA3432} = {741F3B7D-1EBD-48D7-81A0-CA5952C19F0C}
		{C36CE3F2-8A23-4525-ACD9-288ACE059232} = {741F3B7D-1EBD-48D7-81A0-CA5952C19F0C}
		{52660DF8-2E64-464B-8024-EAA8DC3389E1} = {741F3B7D-1EBD-48D7-81A0-CA5952C19F0C}
	EndGlobalSection
	GlobalSection(ExtensibilityGlobals) = postSolution
		SolutionGuid = {1FE29401-2967-4AF2-807A-BF0B374860F6}
	EndGlobalSection
EndGlobal
